{
  "lockfile_version": "1",
  "packages": {
    "github:NixOS/nixpkgs/nixpkgs-unstable": {
      "last_modified": "2026-09-26T10:42:53Z",
      "resolved": "github:NixOS/nixpkgs/74435dcdae840e9770652a7bf7754c2ef7b257e1?lastModified=1790419373&narHash=sha256-ITW3wS8C%2Ff8Ex97WWHfykDC2Zc1DlgChlCKKogMpRa0%3D"
    },
    "pkg-config@latest": {
      "last_modified": "2026-09-26T02:47:14Z",
      "resolved": "github:NixOS/nixpkgs/d54020a6ac3211e9f4201631bdf67678818c0cdf#pkg-config",
      "source": "devbox-search",
      "version": "0.29.2",
      "systems": {
        "aarch64-darwin": {
          "outputs": [
            {
              "name": "out",
              "path": "/nix/store/kd2x1bj3gwfh2hb69fk5ym043h2qavxc-pkg-config-wrapper-0.29.2",
              "default": true
            },
            {
              "name": "man",
              "path": "/nix/store/505bk44lw9mz7qsyxvc3k041awhlfklj-pkg-config-wrapper-0.29.2-man",
              "default": true
            },
            {
              "name": "doc",
              "path": "/nix/store/965s4sf55p20ipr6f2rzf4cc5dvl87cp-pkg-config-wrapper-0.29.2-doc"
            }
          ],
          "store_path": "/nix/store/kd2x1bj3gwfh2hb69fk5ym043h2qavxc-pkg-config-wrapper-0.29.2"
        },
        "aarch64-linux": {
          "outputs": [
            {
              "name": "out",
              "path": "/nix/store/96rqsbg8z242724qy85sbld7dbf4hipr-pkg-config-wrapper-0.29.2",
              "default": true
            },
            {
              "name": "man",
              "path": "/nix/store/40389sip5yjizpbjldjz25w1jz05snlb-pkg-config-wrapper-0.29.2-man",
              "default": true
            },
            {
              "name": "doc",
              "path": "/nix/store/l8kkikazpaqm903rswiyphzhf7mphivp-pkg-config-wrapper-0.29.2-doc"
            }
          ],
          "store_path": "/nix/store/96rqsbg8z242724qy85sbld7dbf4hipr-pkg-config-wrapper-0.29.2"
        },
        "x86_64-darwin": {
          "outputs": [
            {
              "name": "out",
              "path": "/nix/store/vknadizq0q5kffvx6y4379p9gdry9zq3-pkg-config-wrapper-0.29.2",
              "default": true
            },
            {
              "name": "man",
              "path": "/nix/store/1nyspra675q22gfhf7hn2nmfpi6rgim5-pkg-config-wrapper-0.29.2-man",
              "default": true
            },
            {
              "name": "doc",
              "path": "/nix/store/7lq1axxwrafwljs06n88bzyz9w523rkc-pkg-config-wrapper-0.29.2-doc"
            }
          ],
          "store_path": "/nix/store/vknadizq0q5kffvx6y4379p9gdry9zq3-pkg-config-wrapper-0.29.2"
        },
        "x86_64-linux": {
          "outputs": [
            {
              "name": "out",
              "path": "/nix/store/29d1c5xk6w3rwl7yvdfwl90whslv5h54-pkg-config-wrapper-0.29.2",
              "default": true
            },
            {
              "name": "man",
              "path": "/nix/store/889b8rd7z3n69b1m89b4sivmnzmmmm2n-pkg-config-wrapper-0.29.2-man",
              "default": true
            },
            {
              "name": "doc",
              "path": "/nix/store/p5h371q0rzgrsphbbwp0y7svcbpa2faf-pkg-config-wrapper-0.29.2-doc"
            }
          ],
          "store_path": "/nix/store/29d1c5xk6w3rwl7yvdfwl90whslv5h54-pkg-config-wrapper-0.29.2"
        }
      }
    },
    "xorg.libX11@latest": {
      "last_modified": "2025-07-28T17:09:23Z",
      "resolved": "github:NixOS/nixpkgs/648f70160c03151bc2121d179291337ad6bc564b#xorg.libX11",
      "source": "devbox-search",
      "version": "1.8.12",
      "systems": {
        "aarch64-darwin": {
          "outputs": [
            {
              "name": "out",
              "path": "/nix/store/78r8azkjfcfz67gcjxc3s7b4ravz6qd6-libX11-1.8.12",
              "default": true
            },
            {
              "name": "man",
              "path": "/nix/store/mp955ya75bp4j9r86734qpbydbsxadgc-libX11-1.8.12-man",
              "default": true
            },
            {
              "name": "dev",
              "path": "/nix/store/7pga7ngzqyw8iqrfxgfjs91cl21prm32-libX11-1.8.12-dev"
            }
          ],
          "store_path": "/nix/store/78r8azkjfcfz67gcjxc3s7b4ravz6qd6-libX11-1.8.12"
        },
        "aarch64-linux": {
          "outputs": [
            {
              "name": "out",
              "path": "/nix/store/grf6flx8s2phga38xcm17qcm2xd3z7h2-libX11-1.8.12",
              "default": true
            },
            {
              "name": "man",
              "path": "/nix/store/k2smkh8zqv28s6h426ywkyhhscdkx3mk-libX11-1.8.12-man",
              "default": true
            },
            {
              "name": "dev",
              "path": "/nix/store/4p6ybqa6pqvyikadc4lmag40vya0bv7g-libX11-1.8.12-dev"
            }
          ],
          "store_path": "/nix/store/grf6flx8s2phga38xcm17qcm2xd3z7h2-libX11-1.8.12"
        },
        "x86_64-darwin": {
          "outputs": [
            {
              "name": "out",
              "path": "/nix/store/1s2azrpv6wjxmxbgdx5d5cg2abzpphx1-libX11-1.8.12",
              "default": true
            },
            {
              "name": "man",
              "path": "/nix/store/vayx0icqdcdy1gnf433raipv09amgyww-libX11-1.8.12-man",
              "default": true
            },
            {
              "name": "dev",
              "path": "/nix/store/mplwgx06pshpf7j8ackrq74p3cdjqilw-libX11-1.8.12-dev"
            }
          ],
          "store_path": "/nix/store/1s2azrpv6wjxmxbgdx5d5cg2abzpphx1-libX11-1.8.12"
        },
        "x86_64-linux": {
          "outputs": [
            {
              "name": "out",
              "path": "/nix/store/cc238fjs80avjnhfqi4l8gwflqa8lb10-libX11-1.8.12",
              "default": true
            },
            {
              "name": "man",
              "path": "/nix/store/ja2pdy9bxwnirc1bkjd9z4n88i73z8p4-libX11-1.8.12-man",
              "default": true
            },
            {
              "name": "dev",
              "path": "/nix/store/wffdrj7bhy2nlmx7xmyss28bw05dlkgc-libX11-1.8.12-dev"
            }
          ],
          "store_path": "/nix/store/cc238fjs80avjnhfqi4l8gwflqa8lb10-libX11-1.8.12"
        }
      }
    },
    "xorg.libXcursor@latest": {
      "last_modified": "2025-07-28T17:09:23Z",
      "resolved": "github:NixOS/nixpkgs/648f70160c03151bc2121d179291337ad6bc564b#xorg.libXcursor",
      "source": "devbox-search",
      "version": "1.2.3",
      "systems": {
        "aarch64-darwin": {
          "outputs": [
            {
              "name": "out",
              "path": "/nix/store/9s8bjadm5dv1kiw7j8m9cc4q991ffzg4-libXcursor-1.2.3",
              "default": true
            },
            {
              "name": "dev",
              "path": "/nix/store/b85nsqpqp1b9isrb8x8imjsfw4m04p4a-libXcursor-1.2.3-dev"
            }
          ],
          "store_path": "/nix/store/9s8bjadm5dv1kiw7j8m9cc4q991ffzg4-libXcursor-1.2.3"
        },
        "aarch64-linux": {
          "outputs": [
            {
              "name": "out",
              "path": "/nix/store/5wq9mh1wd23xhhb0jkcb5g0hfzpvdzxh-libXcursor-1.2.3",
              "default": true
            },
            {
              "name": "dev",
              "path": "/nix/store/4pw4058qnp8x0wbrvr3dkpkqfchb1nns-libXcursor-1.2.3-dev"
            }
          ],
          "store_path": "/nix/store/5wq9mh1wd23xhhb0jkcb5g0hfzpvdzxh-libXcursor-1.2.3"
        },
        "x86_64-darwin": {
          "outputs": [
            {
              "name": "out",
              "path": "/nix/store/wrlvwncvqk93vxdhg51gkrgvgv232vkr-libXcursor-1.2.3",
              "default": true
            },
            {
              "name": "dev",
              "path": "/nix/store/p4xpl6x3kvjdqalxip0pjyxqvp0wwr7f-libXcursor-1.2.3-dev"
            }
          ],
          "store_path": "/nix/store/wrlvwncvqk93vxdhg51gkrgvgv232vkr-libXcursor-1.2.3"
        },
        "x86_64-linux": {
          "outputs": [
            {
              "name": "out",
              "path": "/nix/store/49f9ygyss6s07qk2rmirbc54z2a1ly9x-libXcursor-1.2.3",
              "default": true
            },
            {
              "name": "dev",
              "path": "/nix/store/5hpqfhc84k1453nyyagcgc1i72i5l513-libXcursor-1.2.3-dev"
            }
          ],
          "store_path": "/nix/store/49f9ygyss6s07qk2rmirbc54z2a1ly9x-libXcursor-1.2.3"
        }
      }
    },
    "xorg.libXext@latest": {
      "last_modified": "2025-08-03T19:18:05Z",
      "resolved": "github:NixOS/nixpkgs/bf9fa86a9b1005d932f842edf2c38eeecc98eef3#xorg.libXext",
      "source": "devbox-search",
      "version": "1.3.6",
      "systems": {
        "aarch64-darwin": {
          "outputs": [
            {
              "name": "out",
              "path": "/nix/store/frayf7a84jf7n43i3qbgv1lx7m6xhmlr-libXext-1.3.6",
              "default": true
            },
            {
              "name": "man",
              "path": "/nix/store/sayaqxaaysqwp4r724vhgvwm3489k167-libXext-1.3.6-man",
              "default": true
            },
            {
              "name": "dev",
              "path": "/nix/store/9yn281lcpxn2sw66by3dafpycavh74ki-libXext-1.3.6-dev"
            },
            {
              "name": "doc",
              "path": "/nix/store/c5699pfpz0psw1108ggcfvgnpq5576jm-libXext-1.3.6-doc"
            }
          ],
          "store_path": "/nix/store/frayf7a84jf7n43i3qbgv1lx7m6xhmlr-libXext-1.3.6"
        },
        "aarch64-linux": {
          "outputs": [
            {
              "name": "out",
              "path": "/nix/store/vmpcc39q1nl9541dhmfb2c94dpgiq9is-libXext-1.3.6",
              "default": true
            },
            {
              "name": "man",
              "path": "/nix/store/i1p6c8vw2x2x7lvfwic7szkapkhm4595-libXext-1.3.6-man",
              "default": true
            },
            {
              "name": "dev",
              "path": "/nix/store/9gfzp4zkrc4z5jwkzzmkhdzwx4dm8rjb-libXext-1.3.6-dev"
            },
            {
              "name": "doc",
              "path": "/nix/store/0ns1d6665ghr28811z2yrkc7byfp2hvp-libXext-1.3.6-doc"
            }
          ],
          "store_path": "/nix/store/vmpcc39q1nl9541dhmfb2c94dpgiq9is-libXext-1.3.6"
        },
        "x86_64-darwin": {
          "outputs": [
            {
              "name": "out",
              "path": "/nix/store/mwlw8w92q7n6sy8qyzv1aaa8lgybiwkv-libXext-1.3.6",
              "default": true
            },
            {
              "name": "man",
              "path": "/nix/store/5vgnyny3084l2b5pl5cfdzh8f29lp5vq-libXext-1.3.6-man",
              "default": true
            },
            {
              "name": "dev",
              "path": "/nix/store/aamh0a3lif5vznkyaa3mcgpdi1bkcawc-libXext-1.3.6-dev"
            },
            {
              "name": "doc",
              "path": "/nix/store/0ck3lnjhclfc8fqw7smq8xk1zhrmy9a8-libXext-1.3.6-doc"
            }
          ],
          "store_path": "/nix/store/mwlw8w92q7n6sy8qyzv1aaa8lgybiwkv-libXext-1.3.6"
        },
        "x86_64-linux": {
          "outputs": [
            {
              "name": "out",
              "path": "/nix/store/fhidyiaqww37gzc6fh0ph5qk3vpv8vv6-libXext-1.3.6",
              "default": true
            },
            {
              "name": "man",
              "path": "/nix/store/lbgzd2ca1h3v7fvkcm7jf6n6bbzi2jwg-libXext-1.3.6-man",
              "default": true
            },
            {
              "name": "dev",
              "path": "/nix/store/s06x2x8crgl66mknq5c4qva743nlwnb3-libXext-1.3.6-dev"
            },
            {
              "name": "doc",
              "path": "/nix/store/qqv0lyk2cqyhfm6308m19mmscbdgy89d-libXext-1.3.6-doc"
            }
          ],
          "store_path": "/nix/store/fhidyiaqww37gzc6fh0ph5qk3vpv8vv6-libXext-1.3.6"
        }
      }
    },
    "xorg.libXi@latest": {
      "last_modified": "2025-10-07T08:41:47Z",
      "resolved": "github:NixOS/nixpkgs/bce5fe2bb998488d8e7e7856315f90496723793c#xorg.libXi",
      "source": "devbox-search",
      "version": "1.8.2",
      "systems": {
        "aarch64-darwin": {
          "outputs": [
            {
              "name": "out",
              "path": "/nix/store/i9kf1vypnih3hsksjvlw608rym41drn4-libXi-1.8.2",
              "default": true
            },
            {
              "name": "man",
              "path": "/nix/store/lgm5b4ib7ms20hc410cn56h8k31cv6r5-libXi-1.8.2-man",
              "default": true
            },
            {
              "name": "dev",
              "path": "/nix/store/vz2145aibxnz34p1rn0k5anf7ymh147h-libXi-1.8.2-dev"
            },
            {
              "name": "doc",
              "path": "/nix/store/99qbk55q3h4dv5d9x3sm26jzv7b4vh4p-libXi-1.8.2-doc"
            }
          ],
          "store_path": "/nix/store/i9kf1vypnih3hsksjvlw608rym41drn4-libXi-1.8.2"
        },
        "aarch64-linux": {
          "outputs": [
            {
              "name": "out",
              "path": "/nix/store/l5c4w2ayd9ffm6z3j5gb2vqkwsjlzl69-libXi-1.8.2",
              "default": true
            },
            {
              "name": "man",
              "path": "/nix/store/0f5633zfq9irz04xh86msywb3dw6h510-libXi-1.8.2-man",
              "default": true
            },
            {
              "name": "dev",
              "path": "/nix/store/g9qgx9w8wj3jhvr80cyzb3szcg8yc3l5-libXi-1.8.2-dev"
            },
            {
              "name": "doc",
              "path": "/nix/store/l13z2729z069a2ywn61lldkqm47r1pjb-libXi-1.8.2-doc"
            }
          ],
          "store_path": "/nix/store/l5c4w2ayd9ffm6z3j5gb2vqkwsjlzl69-libXi-1.8.2"
        },
        "x86_64-darwin": {
          "outputs": [
            {
              "name": "out",
              "path": "/nix/store/b6hak91sbwj0cngywrb236f179r38y3c-libXi-1.8.2",
              "default": true
            },
            {
              "name": "man",
              "path": "/nix/store/wkjrj121g3s9g4rvcl411k195xy31w2m-libXi-1.8.2-man",
              "default": true
            },
            {
              "name": "dev",
              "path": "/nix/store/8wzbhcgb1ghag4b883wpn4gzdjq0riii-libXi-1.8.2-dev"
            },
            {
              "name": "doc",
              "path": "/nix/store/ndwrw0pqnwsmw1q2sspddjx0i1scwnl2-libXi-1.8.2-doc"
            }
          ],
          "store_path": "/nix/store/b6hak91sbwj0cngywrb236f179r38y3c-libXi-1.8.2"
        },
        "x86_64-linux": {
          "outputs": [
            {
              "name": "out",
              "path": "/nix/store/6nk1smsrxzsjcppwljylwa9swfiavfy1-libXi-1.8.2",
              "default": true
            },
            {
              "name": "man",
              "path": "/nix/store/iagca52p1cddxn9n4akag980gp94fp2c-libXi-1.8.2-man",
              "default": true
            },
            {
              "name": "dev",
              "path": "/nix/store/lnrprzw8rwznjkdc2jmgcys90rkgsbcn-libXi-1.8.2-dev"
            },
            {
              "name": "doc",
              "path": "/nix/store/qcb8dnccp2cna09b4ryzyfp0fs1g7hv3-libXi-1.8.2-doc"
            }
          ],
          "store_path": "/nix/store/6nk1smsrxzsjcppwljylwa9swfiavfy1-libXi-1.8.2"
        }
      }
    },
    "xorg.libXinerama@latest": {
      "last_modified": "2025-10-07T08:41:47Z",
      "resolved": "github:NixOS/nixpkgs/bce5fe2bb998488d8e7e7856315f90496723793c#xorg.libXinerama",
      "source": "devbox-search",
      "version": "1.1.5",
      "systems": {
        "aarch64-darwin": {
          "outputs": [
            {
              "name": "out",
              "path": "/nix/store/b65x28ssza2lm7jydq9lrhkjhfbinxdn-libXinerama-1.1.5",
              "default": true
            },
            {
              "name": "dev",
              "path": "/nix/store/w34ghyd0panbjv66ij5chgcb955la9bi-libXinerama-1.1.5-dev"
            }
          ],
          "store_path": "/nix/store/b65x28ssza2lm7jydq9lrhkjhfbinxdn-libXinerama-1.1.5"
        },
        "aarch64-linux": {
          "outputs": [
            {
              "name": "out",
              "path": "/nix/store/wjbxxvxwnfrlhwc36xcxji20sigyandl-libXinerama-1.1.5",
              "default": true
            },
            {
              "name": "dev",
              "path": "/nix/store/nnw9kl6nfsph60by0d69wjbghqrc6khm-libXinerama-1.1.5-dev"
            }
          ],
          "store_path": "/nix/store/wjbxxvxwnfrlhwc36xcxji20sigyandl-libXinerama-1.1.5"
        },
        "x86_64-darwin": {
          "outputs": [
            {
              "name": "out",
              "path": "/nix/store/27sb0gjyiva170k6px885mf5s6h3vyvb-libXinerama-1.1.5",
              "default": true
            },
            {
              "name": "dev",
              "path": "/nix/store/9bp5m3bh5jfi7w4bv331g6dc401w3mqx-libXinerama-1.1.5-dev"
            }
          ],
          "store_path": "/nix/store/27sb0gjyiva170k6px885mf5s6h3vyvb-libXinerama-1.1.5"
        },
        "x86_64-linux": {
          "outputs": [
            {
              "name": "out",
              "path": "/nix/store/myjpnmphdy2clfj960lnidw5cfsw05i6-libXinerama-1.1.5",
              "default": true
            },
            {
              "name": "dev",
              "path": "/nix/store/sfzsyd3dk4gxqp5ppbrdhya10klgb0bd-libXinerama-1.1.5-dev"
            }
          ],
          "store_path": "/nix/store/myjpnmphdy2clfj960lnidw5cfsw05i6-libXinerama-1.1.5"
        }
      }
    },
    "xorg.libXrandr@latest": {
      "last_modified": "2025-07-28T17:09:23Z",
      "resolved": "github:NixOS/nixpkgs/648f70160c03151bc2121d179291337ad6bc564b#xorg.libXrandr",
      "source": "devbox-search",
      "version": "1.5.4",
      "systems": {
        "aarch64-darwin": {
          "outputs": [
            {
              "name": "out",
              "path": "/nix/store/wd0z1splqipwrlxp4v8qnd42rmf8xils-libXrandr-1.5.4",
              "default": true
            },
            {
              "name": "dev",
              "path": "/nix/store/z9akqm0i3ibhcqyqv4sryycrb2m0lxw2-libXrandr-1.5.4-dev"
            }
          ],
          "store_path": "/nix/store/wd0z1splqipwrlxp4v8qnd42rmf8xils-libXrandr-1.5.4"
        },
        "aarch64-linux": {
          "outputs": [
            {
              "name": "out",
              "path": "/nix/store/xs7kxmxi4zad147cxyiknabkw9rgcx24-libXrandr-1.5.4",
              "default": true
            },
            {
              "name": "dev",
              "path": "/nix/store/9mvv324kh0vsrzj6vhc3psx3lw9zwc9i-libXrandr-1.5.4-dev"
            }
          ],
          "store_path": "/nix/store/xs7kxmxi4zad147cxyiknabkw9rgcx24-libXrandr-1.5.4"
        },
        "x86_64-darwin": {
          "outputs": [
            {
              "name": "out",
              "path": "/nix/store/llbdvfrqj0ashjzh5hribfv43awjp9qj-libXrandr-1.5.4",
              "default": true
            },
            {
              "name": "dev",
              "path": "/nix/store/8lga5dla34xz31pv3kcwmrpiww67mgxh-libXrandr-1.5.4-dev"
            }
          ],
          "store_path": "/nix/store/llbdvfrqj0ashjzh5hribfv43awjp9qj-libXrandr-1.5.4"
        },
        "x86_64-linux": {
          "outputs": [
            {
              "name": "out",
              "path": "/nix/store/5r4dl3vqnzmrkxzsap3ww4lrddnmvhqf-libXrandr-1.5.4",
              "default": true
            },
            {
              "name": "dev",
              "path": "/nix/store/j4qzz91n1byzhxng3lb0w1a0fwnlmh3c-libXrandr-1.5.4-dev"
            }
          ],
          "store_path": "/nix/store/5r4dl3vqnzmrkxzsap3ww4lrddnmvhqf-libXrandr-1.5.4"
        }
      }
    },
    "xorg.libXtst@latest": {
      "last_modified": "2025-10-07T08:41:47Z",
      "resolved": "github:NixOS/nixpkgs/bce5fe2bb998488d8e7e7856315f90496723793c#xorg.libXtst",
      "source": "devbox-search",
      "version": "1.2.5",
      "systems": {
        "aarch64-darwin": {
          "outputs": [
            {
              "name": "out",
              "path": "/nix/store/v41b6vab6wvvwpvxhm1al7kp9kqvm1x6-libXtst-1.2.5",
              "default": true
            }
          ],
          "store_path": "/nix/store/v41b6vab6wvvwpvxhm1al7kp9kqvm1x6-libXtst-1.2.5"
        },
        "aarch64-linux": {
          "outputs": [
            {
              "name": "out",
              "path": "/nix/store/gp077qx9ib7igcmq7mb2k15gjsrd4069-libXtst-1.2.5",
              "default": true
            }
          ],
          "store_path": "/nix/store/gp077qx9ib7igcmq7mb2k15gjsrd4069-libXtst-1.2.5"
        },
        "x86_64-darwin": {
          "outputs": [
            {
              "name": "out",
              "path": "/nix/store/nir5ghx7m0knkw6dcaw0xda0qr7kclr8-libXtst-1.2.5",
              "default": true
            }
          ],
          "store_path": "/nix/store/nir5ghx7m0knkw6dcaw0xda0qr7kclr8-libXtst-1.2.5"
        },
        "x86_64-linux": {
          "outputs": [
            {
              "name": "out",
              "path": "/nix/store/flchdf7ala0cdcr4gkbny02igbx19m5l-libXtst-1.2.5",
              "default": true
            }
          ],
          "store_path": "/nix/store/flchdf7ala0cdcr4gkbny02igbx19m5l-libXtst-1.2.5"
        }
      }
    },
    "xorg.xorgproto@latest": {
      "last_modified": "2026-01-23T17:20:52Z",
      "resolved": "github:NixOS/nixpkgs/a1bab9e494f5f4939442a57a58d0449a109593fe#xorg.xorgproto",
      "source": "devbox-search",
      "version": "2025.1",
      "systems": {
        "aarch64-darwin": {
          "outputs": [
            {
              "name": "out",
              "path": "/nix/store/in25zi0q9sspb41jqjmjfdwsr3m4j9mg-xorgproto-2025.1",
              "default": true
            }
          ],
          "store_path": "/nix/store/in25zi0q9sspb41jqjmjfdwsr3m4j9mg-xorgproto-2025.1"
        },
        "aarch64-linux": {
          "outputs": [
            {
              "name": "out",
              "path": "/nix/store/9p9vjqyg5az87n87krnby5bj6y0yyni4-xorgproto-2025.1",
              "default": true
            }
          ],
          "store_path": "/nix/store/9p9vjqyg5az87n87krnby5bj6y0yyni4-xorgproto-2025.1"
        },
        "x86_64-darwin": {
          "outputs": [
            {
              "name": "out",
              "path": "/nix/store/37w8z7z6rd8g1fc4qlk456dq20cgqlgy-xorgproto-2025.1",
              "default": true
            }
          ],
          "store_path": "/nix/store/37w8z7z6rd8g1fc4qlk456dq20cgqlgy-xorgproto-2025.1"
        },
        "x86_64-linux": {
          "outputs": [
            {
              "name": "out",
              "path": "/nix/store/v80f5g95bb540sz5qd3cjbzis091p015-xorgproto-2025.1",
              "default": true
            }
          ],
          "store_path": "/nix/store/v80f5g95bb540sz5qd3cjbzis091p015-xorgproto-2025.1"
        }
      }
    }
  }
}
